
Microsoft Visual Studio Solution File, Format Version 12.00
# Visual Studio Version 17
VisualStudioVersion = 17.8.34330.188
MinimumVisualStudioVersion = 10.0.40219.1
Project("{FAE04EC0-301F-11D3-BF4B-00C04F79EFBC}") = "UserManagement", "UserManagement.csproj", "{FBBF5165-CDB0-4C47-80C0-AB16D19FF827}"
EndProject
Global
	GlobalSection(SolutionConfigurationPlatforms) = preSolution
		Debug|Any CPU = Debug|Any CPU
		Release|Any CPU = Release|Any CPU
	EndGlobalSection
	GlobalSection(ProjectConfigurationPlatforms) = postSolution
		{FBBF5165-CDB0-4C47-80C0-AB16D19FF827}.Debug|Any CPU.ActiveCfg = Debug|Any CPU
		{FBBF5165-CDB0-4C47-80C0-AB16D19FF827}.Debug|Any CPU.Build.0 = Debug|Any CPU
		{FBBF5165-CDB0-4C47-80C0-AB16D19FF827}.Release|Any CPU.ActiveCfg = Release|Any CPU
		{FBBF5165-CDB0-4C47-80C0-AB16D19FF827}.Release|Any CPU.Build.0 = Release|Any CPU
	EndGlobalSection
	GlobalSection(SolutionProperties) = preSolution
		HideSolutionNode = FALSE
	EndGlobalSection
	GlobalSection(ExtensibilityGlobals) = postSolution
		SolutionGuid = {83BBDE8F-0938-4110-BFAF-65DCA7936AD0}
	EndGlobalSection
EndGlobal
